
Microsoft Visual Studio Solution File, Format Version 12.00
# Visual Studio Version 16
VisualStudioVersion = 16.0.29418.71
MinimumVisualStudioVersion = 10.0.40219.1
Project("{FAE04EC0-301F-11D3-BF4B-00C04F79EFBC}") = "Batalha Naval", "Batalha Naval\Batalha Naval.csproj", "{F14BD1DE-936E-4BEF-8B85-E4D1C9C8C046}"
EndProject
Global
	GlobalSection(SolutionConfigurationPlatforms) = preSolution
		Debug|Any CPU = Debug|Any CPU
		Release|Any CPU = Release|Any CPU
	EndGlobalSection
	GlobalSection(ProjectConfigurationPlatforms) = postSolution
		{F14BD1DE-936E-4BEF-8B85-E4D1C9C8C046}.Debug|Any CPU.ActiveCfg = Debug|Any CPU
		{F14BD1DE-936E-4BEF-8B85-E4D1C9C8C046}.Debug|Any CPU.Build.0 = Debug|Any CPU
		{F14BD1DE-936E-4BEF-8B85-E4D1C9C8C046}.Release|Any CPU.ActiveCfg = Release|Any CPU
		{F14BD1DE-936E-4BEF-8B85-E4D1C9C8C046}.Release|Any CPU.Build.0 = Release|Any CPU
	EndGlobalSection
	GlobalSection(SolutionProperties) = preSolution
		HideSolutionNode = FALSE
	EndGlobalSection
	GlobalSection(ExtensibilityGlobals) = postSolution
		SolutionGuid = {23D1D994-06B5-4F14-AE78-FDDF75448FC2}
	EndGlobalSection
EndGlobal
